// !$*UTF8*$!
{
	archiveVersion = 1;
	classes = {
	};
	objectVersion = 56;
	objects = {

/* Begin PBXBuildFile section */
		1A17DA132A80B3CF00128808 /* OTPSignUpViewController.swift in Sources */ = {isa = PBXBuildFile; fileRef = 1A17DA122A80B3CF00128808 /* OTPSignUpViewController.swift */; };
		1A1DA4A82A6916F5004B27ED /* AppDelegate.swift in Sources */ = {isa = PBXBuildFile; fileRef = 1A1DA4A72A6916F5004B27ED /* AppDelegate.swift */; };
		1A1DA4AA2A6916F5004B27ED /* SceneDelegate.swift in Sources */ = {isa = PBXBuildFile; fileRef = 1A1DA4A92A6916F5004B27ED /* SceneDelegate.swift */; };
		1A1DA4AF2A6916F5004B27ED /* Main.storyboard in Resources */ = {isa = PBXBuildFile; fileRef = 1A1DA4AD2A6916F5004B27ED /* Main.storyboard */; };
		1A1DA4B12A6916F7004B27ED /* Assets.xcassets in Resources */ = {isa = PBXBuildFile; fileRef = 1A1DA4B02A6916F7004B27ED /* Assets.xcassets */; };
		1A1DA4B42A6916F7004B27ED /* LaunchScreen.storyboard in Resources */ = {isa = PBXBuildFile; fileRef = 1A1DA4B22A6916F7004B27ED /* LaunchScreen.storyboard */; };
		1A321A7C2A82445200799B25 /* ShadowButton.swift in Sources */ = {isa = PBXBuildFile; fileRef = 1A321A7B2A82445200799B25 /* ShadowButton.swift */; };
		1A321A7E2A82492E00799B25 /* DOBTextField.swift in Sources */ = {isa = PBXBuildFile; fileRef = 1A321A7D2A82492E00799B25 /* DOBTextField.swift */; };
		1A321A802A825AFF00799B25 /* BasicTextField.swift in Sources */ = {isa = PBXBuildFile; fileRef = 1A321A7F2A825AFF00799B25 /* BasicTextField.swift */; };
		1A33CE7D2A7BB0D400154F7C /* UserInfoViewController.swift in Sources */ = {isa = PBXBuildFile; fileRef = 1A33CE7C2A7BB0D400154F7C /* UserInfoViewController.swift */; };
		1A33E16F2A849EF40008FC9F /* CellDataType.swift in Sources */ = {isa = PBXBuildFile; fileRef = 1A33E16E2A849EF40008FC9F /* CellDataType.swift */; };
		1A33E1712A849F2D0008FC9F /* SupplementaryDataType.swift in Sources */ = {isa = PBXBuildFile; fileRef = 1A33E1702A849F2D0008FC9F /* SupplementaryDataType.swift */; };
		1A33E1732A849F470008FC9F /* SectionDataType.swift in Sources */ = {isa = PBXBuildFile; fileRef = 1A33E1722A849F470008FC9F /* SectionDataType.swift */; };
		1A33E1752A849F610008FC9F /* Sections.swift in Sources */ = {isa = PBXBuildFile; fileRef = 1A33E1742A849F610008FC9F /* Sections.swift */; };
		1A33E1792A849FD00008FC9F /* Actions.swift in Sources */ = {isa = PBXBuildFile; fileRef = 1A33E1782A849FD00008FC9F /* Actions.swift */; };
		1A33E17D2A84A0550008FC9F /* HomeSectionsData.swift in Sources */ = {isa = PBXBuildFile; fileRef = 1A33E17C2A84A0550008FC9F /* HomeSectionsData.swift */; };
		1A33E17F2A84A0930008FC9F /* LiveTvSectionsData.swift in Sources */ = {isa = PBXBuildFile; fileRef = 1A33E17E2A84A0930008FC9F /* LiveTvSectionsData.swift */; };
		1A33E1812A84A0BB0008FC9F /* OriginalsSectionsData.swift in Sources */ = {isa = PBXBuildFile; fileRef = 1A33E1802A84A0BB0008FC9F /* OriginalsSectionsData.swift */; };
		1A33E1832A84A0ED0008FC9F /* MyListSectionsData.swift in Sources */ = {isa = PBXBuildFile; fileRef = 1A33E1822A84A0ED0008FC9F /* MyListSectionsData.swift */; };
		1A33E1852A84A1310008FC9F /* ActionsData.swift in Sources */ = {isa = PBXBuildFile; fileRef = 1A33E1842A84A1310008FC9F /* ActionsData.swift */; };
		1A33E1872A84A14D0008FC9F /* SearchesData.swift in Sources */ = {isa = PBXBuildFile; fileRef = 1A33E1862A84A14D0008FC9F /* SearchesData.swift */; };
		1A33E1892A84A2570008FC9F /* HomeViewController.swift in Sources */ = {isa = PBXBuildFile; fileRef = 1A33E1882A84A2570008FC9F /* HomeViewController.swift */; };
		1A33E18B2A84A2EC0008FC9F /* LiveTvViewController.swift in Sources */ = {isa = PBXBuildFile; fileRef = 1A33E18A2A84A2EC0008FC9F /* LiveTvViewController.swift */; };
		1A33E18D2A84AC920008FC9F /* OriginalsViewController.swift in Sources */ = {isa = PBXBuildFile; fileRef = 1A33E18C2A84AC920008FC9F /* OriginalsViewController.swift */; };
		1A33E18F2A84AD140008FC9F /* MyListViewController.swift in Sources */ = {isa = PBXBuildFile; fileRef = 1A33E18E2A84AD140008FC9F /* MyListViewController.swift */; };
		1A33E1912A84AD780008FC9F /* ProfileViewController.swift in Sources */ = {isa = PBXBuildFile; fileRef = 1A33E1902A84AD780008FC9F /* ProfileViewController.swift */; };
		1A33E1932A84AE140008FC9F /* GenreViewController.swift in Sources */ = {isa = PBXBuildFile; fileRef = 1A33E1922A84AE140008FC9F /* GenreViewController.swift */; };
		1A33E1952A84AEA50008FC9F /* CategoriesViewController.swift in Sources */ = {isa = PBXBuildFile; fileRef = 1A33E1942A84AEA50008FC9F /* CategoriesViewController.swift */; };
		1A33E1972A84AEFA0008FC9F /* CategoryViewController.swift in Sources */ = {isa = PBXBuildFile; fileRef = 1A33E1962A84AEFA0008FC9F /* CategoryViewController.swift */; };
		1A33E1992A84AF570008FC9F /* SearchViewController.swift in Sources */ = {isa = PBXBuildFile; fileRef = 1A33E1982A84AF570008FC9F /* SearchViewController.swift */; };
		1A33E19D2A84B8060008FC9F /* CarosselCollectionViewCell.swift in Sources */ = {isa = PBXBuildFile; fileRef = 1A33E19B2A84B8060008FC9F /* CarosselCollectionViewCell.swift */; };
		1A33E19E2A84B8060008FC9F /* CarosselCollectionViewCell.xib in Resources */ = {isa = PBXBuildFile; fileRef = 1A33E19C2A84B8060008FC9F /* CarosselCollectionViewCell.xib */; };
		1A33E1A12A84D0F90008FC9F /* HeaderCollectionReusableView.swift in Sources */ = {isa = PBXBuildFile; fileRef = 1A33E19F2A84D0F90008FC9F /* HeaderCollectionReusableView.swift */; };
		1A33E1A22A84D0F90008FC9F /* HeaderCollectionReusableView.xib in Resources */ = {isa = PBXBuildFile; fileRef = 1A33E1A02A84D0F90008FC9F /* HeaderCollectionReusableView.xib */; };
		1A33E1A52A84D9860008FC9F /* CategoriesCollectionViewCell.swift in Sources */ = {isa = PBXBuildFile; fileRef = 1A33E1A32A84D9860008FC9F /* CategoriesCollectionViewCell.swift */; };
		1A33E1A62A84D9860008FC9F /* CategoriesCollectionViewCell.xib in Resources */ = {isa = PBXBuildFile; fileRef = 1A33E1A42A84D9860008FC9F /* CategoriesCollectionViewCell.xib */; };
		1A33E1AD2A84DCBE0008FC9F /* CategoryCollectionViewCell.swift in Sources */ = {isa = PBXBuildFile; fileRef = 1A33E1AB2A84DCBE0008FC9F /* CategoryCollectionViewCell.swift */; };
		1A33E1AE2A84DCBE0008FC9F /* CategoryCollectionViewCell.xib in Resources */ = {isa = PBXBuildFile; fileRef = 1A33E1AC2A84DCBE0008FC9F /* CategoryCollectionViewCell.xib */; };
		1A33E1B12A84DE730008FC9F /* ListCollectionViewCell.swift in Sources */ = {isa = PBXBuildFile; fileRef = 1A33E1AF2A84DE730008FC9F /* ListCollectionViewCell.swift */; };
		1A33E1B22A84DE730008FC9F /* ListCollectionViewCell.xib in Resources */ = {isa = PBXBuildFile; fileRef = 1A33E1B02A84DE730008FC9F /* ListCollectionViewCell.xib */; };
		1A33E1B52A84E1570008FC9F /* NoResultCollectionViewCell.swift in Sources */ = {isa = PBXBuildFile; fileRef = 1A33E1B32A84E1570008FC9F /* NoResultCollectionViewCell.swift */; };
		1A33E1B62A84E1570008FC9F /* NoResultCollectionViewCell.xib in Resources */ = {isa = PBXBuildFile; fileRef = 1A33E1B42A84E1570008FC9F /* NoResultCollectionViewCell.xib */; };
		1A33E1BD2A84E69A0008FC9F /* FilterCollectionViewCell.swift in Sources */ = {isa = PBXBuildFile; fileRef = 1A33E1BB2A84E69A0008FC9F /* FilterCollectionViewCell.swift */; };
		1A33E1BE2A84E69A0008FC9F /* FilterCollectionViewCell.xib in Resources */ = {isa = PBXBuildFile; fileRef = 1A33E1BC2A84E69A0008FC9F /* FilterCollectionViewCell.xib */; };
		1A33E1C12A84E87E0008FC9F /* TitleCollectionViewCell.swift in Sources */ = {isa = PBXBuildFile; fileRef = 1A33E1BF2A84E87E0008FC9F /* TitleCollectionViewCell.swift */; };
		1A33E1C22A84E87E0008FC9F /* TitleCollectionViewCell.xib in Resources */ = {isa = PBXBuildFile; fileRef = 1A33E1C02A84E87E0008FC9F /* TitleCollectionViewCell.xib */; };
		1A33E1C52A84EA8D0008FC9F /* GenreCollectionViewCell.swift in Sources */ = {isa = PBXBuildFile; fileRef = 1A33E1C32A84EA8D0008FC9F /* GenreCollectionViewCell.swift */; };
		1A33E1C62A84EA8D0008FC9F /* GenreCollectionViewCell.xib in Resources */ = {isa = PBXBuildFile; fileRef = 1A33E1C42A84EA8D0008FC9F /* GenreCollectionViewCell.xib */; };
		1A33E1C92A84EC9C0008FC9F /* FooterCollectionReusableView.swift in Sources */ = {isa = PBXBuildFile; fileRef = 1A33E1C72A84EC9C0008FC9F /* FooterCollectionReusableView.swift */; };
		1A33E1CA2A84EC9C0008FC9F /* FooterCollectionReusableView.xib in Resources */ = {isa = PBXBuildFile; fileRef = 1A33E1C82A84EC9C0008FC9F /* FooterCollectionReusableView.xib */; };
		1A33E1D72A84F2F40008FC9F /* TVCollectionViewCell.swift in Sources */ = {isa = PBXBuildFile; fileRef = 1A33E1D52A84F2F40008FC9F /* TVCollectionViewCell.swift */; };
		1A33E1D82A84F2F40008FC9F /* TVCollectionViewCell.xib in Resources */ = {isa = PBXBuildFile; fileRef = 1A33E1D62A84F2F40008FC9F /* TVCollectionViewCell.xib */; };
		1A497EB52A8A243600D49C78 /* OTPTextField.swift in Sources */ = {isa = PBXBuildFile; fileRef = 1A497EB42A8A243600D49C78 /* OTPTextField.swift */; };
		1A5E2F442A8C97AF001A91DA /* TermsAndConditionsLabel.swift in Sources */ = {isa = PBXBuildFile; fileRef = 1A5E2F432A8C97AF001A91DA /* TermsAndConditionsLabel.swift */; };
		1A5E2F462A8CB416001A91DA /* TermsAndConditionsViewController.swift in Sources */ = {isa = PBXBuildFile; fileRef = 1A5E2F452A8CB416001A91DA /* TermsAndConditionsViewController.swift */; };
		1A5E2F482A8CB495001A91DA /* PrivacyPolicyViewController.swift in Sources */ = {isa = PBXBuildFile; fileRef = 1A5E2F472A8CB495001A91DA /* PrivacyPolicyViewController.swift */; };
		1A6355872A7F84A8006FF804 /* EmailSignInViewController.swift in Sources */ = {isa = PBXBuildFile; fileRef = 1A6355862A7F84A8006FF804 /* EmailSignInViewController.swift */; };
		1A6355892A7F85AF006FF804 /* CreateAccountViewController.swift in Sources */ = {isa = PBXBuildFile; fileRef = 1A6355882A7F85AF006FF804 /* CreateAccountViewController.swift */; };
		1A977C672A7A53AD008EE975 /* Extensions.swift in Sources */ = {isa = PBXBuildFile; fileRef = 1A977C662A7A53AD008EE975 /* Extensions.swift */; };
		1A977C692A7A6384008EE975 /* OTPViewController.swift in Sources */ = {isa = PBXBuildFile; fileRef = 1A977C682A7A6384008EE975 /* OTPViewController.swift */; };
		1A9EDE6E2A91FBD9000C1D31 /* FooterWithPagerCollectionReusableView.swift in Sources */ = {isa = PBXBuildFile; fileRef = 1A9EDE6C2A91FBD9000C1D31 /* FooterWithPagerCollectionReusableView.swift */; };
		1A9EDE6F2A91FBD9000C1D31 /* FooterWithPagerCollectionReusableView.xib in Resources */ = {isa = PBXBuildFile; fileRef = 1A9EDE6D2A91FBD9000C1D31 /* FooterWithPagerCollectionReusableView.xib */; };
/* End PBXBuildFile section */

/* Begin PBXFileReference section */
		1A17DA122A80B3CF00128808 /* OTPSignUpViewController.swift */ = {isa = PBXFileReference; lastKnownFileType = sourcecode.swift; path = OTPSignUpViewController.swift; sourceTree = "<group>"; };
		1A1DA4A42A6916F5004B27ED /* Binge Clone 2.0.app */ = {isa = PBXFileReference; explicitFileType = wrapper.application; includeInIndex = 0; path = "Binge Clone 2.0.app"; sourceTree = BUILT_PRODUCTS_DIR; };
		1A1DA4A72A6916F5004B27ED /* AppDelegate.swift */ = {isa = PBXFileReference; lastKnownFileType = sourcecode.swift; path = AppDelegate.swift; sourceTree = "<group>"; };
		1A1DA4A92A6916F5004B27ED /* SceneDelegate.swift */ = {isa = PBXFileReference; lastKnownFileType = sourcecode.swift; path = SceneDelegate.swift; sourceTree = "<group>"; };
		1A1DA4AE2A6916F5004B27ED /* Base */ = {isa = PBXFileReference; lastKnownFileType = file.storyboard; name = Base; path = Base.lproj/Main.storyboard; sourceTree = "<group>"; };
		1A1DA4B02A6916F7004B27ED /* Assets.xcassets */ = {isa = PBXFileReference; lastKnownFileType = folder.assetcatalog; path = Assets.xcassets; sourceTree = "<group>"; };
		1A1DA4B32A6916F7004B27ED /* Base */ = {isa = PBXFileReference; lastKnownFileType = file.storyboard; name = Base; path = Base.lproj/LaunchScreen.storyboard; sourceTree = "<group>"; };
		1A1DA4B52A6916F7004B27ED /* Info.plist */ = {isa = PBXFileReference; lastKnownFileType = text.plist.xml; path = Info.plist; sourceTree = "<group>"; };
		1A321A7B2A82445200799B25 /* ShadowButton.swift */ = {isa = PBXFileReference; lastKnownFileType = sourcecode.swift; path = ShadowButton.swift; sourceTree = "<group>"; };
		1A321A7D2A82492E00799B25 /* DOBTextField.swift */ = {isa = PBXFileReference; lastKnownFileType = sourcecode.swift; path = DOBTextField.swift; sourceTree = "<group>"; };
		1A321A7F2A825AFF00799B25 /* BasicTextField.swift */ = {isa = PBXFileReference; lastKnownFileType = sourcecode.swift; path = BasicTextField.swift; sourceTree = "<group>"; };
		1A33CE7C2A7BB0D400154F7C /* UserInfoViewController.swift */ = {isa = PBXFileReference; lastKnownFileType = sourcecode.swift; path = UserInfoViewController.swift; sourceTree = "<group>"; };
		1A33E16E2A849EF40008FC9F /* CellDataType.swift */ = {isa = PBXFileReference; lastKnownFileType = sourcecode.swift; path = CellDataType.swift; sourceTree = "<group>"; };
		1A33E1702A849F2D0008FC9F /* SupplementaryDataType.swift */ = {isa = PBXFileReference; lastKnownFileType = sourcecode.swift; path = SupplementaryDataType.swift; sourceTree = "<group>"; };
		1A33E1722A849F470008FC9F /* SectionDataType.swift */ = {isa = PBXFileReference; lastKnownFileType = sourcecode.swift; path = SectionDataType.swift; sourceTree = "<group>"; };
		1A33E1742A849F610008FC9F /* Sections.swift */ = {isa = PBXFileReference; lastKnownFileType = sourcecode.swift; path = Sections.swift; sourceTree = "<group>"; };
		1A33E1782A849FD00008FC9F /* Actions.swift */ = {isa = PBXFileReference; lastKnownFileType = sourcecode.swift; path = Actions.swift; sourceTree = "<group>"; };
		1A33E17C2A84A0550008FC9F /* HomeSectionsData.swift */ = {isa = PBXFileReference; lastKnownFileType = sourcecode.swift; path = HomeSectionsData.swift; sourceTree = "<group>"; };
		1A33E17E2A84A0930008FC9F /* LiveTvSectionsData.swift */ = {isa = PBXFileReference; lastKnownFileType = sourcecode.swift; path = LiveTvSectionsData.swift; sourceTree = "<group>"; };
		1A33E1802A84A0BB0008FC9F /* OriginalsSectionsData.swift */ = {isa = PBXFileReference; lastKnownFileType = sourcecode.swift; path = OriginalsSectionsData.swift; sourceTree = "<group>"; };
		1A33E1822A84A0ED0008FC9F /* MyListSectionsData.swift */ = {isa = PBXFileReference; lastKnownFileType = sourcecode.swift; path = MyListSectionsData.swift; sourceTree = "<group>"; };
		1A33E1842A84A1310008FC9F /* ActionsData.swift */ = {isa = PBXFileReference; lastKnownFileType = sourcecode.swift; path = ActionsData.swift; sourceTree = "<group>"; };
		1A33E1862A84A14D0008FC9F /* SearchesData.swift */ = {isa = PBXFileReference; lastKnownFileType = sourcecode.swift; path = SearchesData.swift; sourceTree = "<group>"; };
		1A33E1882A84A2570008FC9F /* HomeViewController.swift */ = {isa = PBXFileReference; lastKnownFileType = sourcecode.swift; path = HomeViewController.swift; sourceTree = "<group>"; };
		1A33E18A2A84A2EC0008FC9F /* LiveTvViewController.swift */ = {isa = PBXFileReference; lastKnownFileType = sourcecode.swift; path = LiveTvViewController.swift; sourceTree = "<group>"; };
		1A33E18C2A84AC920008FC9F /* OriginalsViewController.swift */ = {isa = PBXFileReference; lastKnownFileType = sourcecode.swift; path = OriginalsViewController.swift; sourceTree = "<group>"; };
		1A33E18E2A84AD140008FC9F /* MyListViewController.swift */ = {isa = PBXFileReference; lastKnownFileType = sourcecode.swift; path = MyListViewController.swift; sourceTree = "<group>"; };
		1A33E1902A84AD780008FC9F /* ProfileViewController.swift */ = {isa = PBXFileReference; lastKnownFileType = sourcecode.swift; path = ProfileViewController.swift; sourceTree = "<group>"; };
		1A33E1922A84AE140008FC9F /* GenreViewController.swift */ = {isa = PBXFileReference; lastKnownFileType = sourcecode.swift; path = GenreViewController.swift; sourceTree = "<group>"; };
		1A33E1942A84AEA50008FC9F /* CategoriesViewController.swift */ = {isa = PBXFileReference; lastKnownFileType = sourcecode.swift; path = CategoriesViewController.swift; sourceTree = "<group>"; };
		1A33E1962A84AEFA0008FC9F /* CategoryViewController.swift */ = {isa = PBXFileReference; lastKnownFileType = sourcecode.swift; path = CategoryViewController.swift; sourceTree = "<group>"; };
		1A33E1982A84AF570008FC9F /* SearchViewController.swift */ = {isa = PBXFileReference; lastKnownFileType = sourcecode.swift; path = SearchViewController.swift; sourceTree = "<group>"; };
		1A33E19B2A84B8060008FC9F /* CarosselCollectionViewCell.swift */ = {isa = PBXFileReference; lastKnownFileType = sourcecode.swift; path = CarosselCollectionViewCell.swift; sourceTree = "<group>"; };
		1A33E19C2A84B8060008FC9F /* CarosselCollectionViewCell.xib */ = {isa = PBXFileReference; lastKnownFileType = file.xib; path = CarosselCollectionViewCell.xib; sourceTree = "<group>"; };
		1A33E19F2A84D0F90008FC9F /* HeaderCollectionReusableView.swift */ = {isa = PBXFileReference; lastKnownFileType = sourcecode.swift; path = HeaderCollectionReusableView.swift; sourceTree = "<group>"; };
		1A33E1A02A84D0F90008FC9F /* HeaderCollectionReusableView.xib */ = {isa = PBXFileReference; lastKnownFileType = file.xib; path = HeaderCollectionReusableView.xib; sourceTree = "<group>"; };
		1A33E1A32A84D9860008FC9F /* CategoriesCollectionViewCell.swift */ = {isa = PBXFileReference; lastKnownFileType = sourcecode.swift; path = CategoriesCollectionViewCell.swift; sourceTree = "<group>"; };
		1A33E1A42A84D9860008FC9F /* CategoriesCollectionViewCell.xib */ = {isa = PBXFileReference; lastKnownFileType = file.xib; path = CategoriesCollectionViewCell.xib; sourceTree = "<group>"; };
		1A33E1AB2A84DCBE0008FC9F /* CategoryCollectionViewCell.swift */ = {isa = PBXFileReference; lastKnownFileType = sourcecode.swift; path = CategoryCollectionViewCell.swift; sourceTree = "<group>"; };
		1A33E1AC2A84DCBE0008FC9F /* CategoryCollectionViewCell.xib */ = {isa = PBXFileReference; lastKnownFileType = file.xib; path = CategoryCollectionViewCell.xib; sourceTree = "<group>"; };
		1A33E1AF2A84DE730008FC9F /* ListCollectionViewCell.swift */ = {isa = PBXFileReference; lastKnownFileType = sourcecode.swift; path = ListCollectionViewCell.swift; sourceTree = "<group>"; };
		1A33E1B02A84DE730008FC9F /* ListCollectionViewCell.xib */ = {isa = PBXFileReference; lastKnownFileType = file.xib; path = ListCollectionViewCell.xib; sourceTree = "<group>"; };
		1A33E1B32A84E1570008FC9F /* NoResultCollectionViewCell.swift */ = {isa = PBXFileReference; lastKnownFileType = sourcecode.swift; path = NoResultCollectionViewCell.swift; sourceTree = "<group>"; };
		1A33E1B42A84E1570008FC9F /* NoResultCollectionViewCell.xib */ = {isa = PBXFileReference; lastKnownFileType = file.xib; path = NoResultCollectionViewCell.xib; sourceTree = "<group>"; };
		1A33E1BB2A84E69A0008FC9F /* FilterCollectionViewCell.swift */ = {isa = PBXFileReference; lastKnownFileType = sourcecode.swift; path = FilterCollectionViewCell.swift; sourceTree = "<group>"; };
		1A33E1BC2A84E69A0008FC9F /* FilterCollectionViewCell.xib */ = {isa = PBXFileReference; lastKnownFileType = file.xib; path = FilterCollectionViewCell.xib; sourceTree = "<group>"; };
		1A33E1BF2A84E87E0008FC9F /* TitleCollectionViewCell.swift */ = {isa = PBXFileReference; lastKnownFileType = sourcecode.swift; path = TitleCollectionViewCell.swift; sourceTree = "<group>"; };
		1A33E1C02A84E87E0008FC9F /* TitleCollectionViewCell.xib */ = {isa = PBXFileReference; lastKnownFileType = file.xib; path = TitleCollectionViewCell.xib; sourceTree = "<group>"; };
		1A33E1C32A84EA8D0008FC9F /* GenreCollectionViewCell.swift */ = {isa = PBXFileReference; lastKnownFileType = sourcecode.swift; path = GenreCollectionViewCell.swift; sourceTree = "<group>"; };
		1A33E1C42A84EA8D0008FC9F /* GenreCollectionViewCell.xib */ = {isa = PBXFileReference; lastKnownFileType = file.xib; path = GenreCollectionViewCell.xib; sourceTree = "<group>"; };
		1A33E1C72A84EC9C0008FC9F /* FooterCollectionReusableView.swift */ = {isa = PBXFileReference; lastKnownFileType = sourcecode.swift; path = FooterCollectionReusableView.swift; sourceTree = "<group>"; };
		1A33E1C82A84EC9C0008FC9F /* FooterCollectionReusableView.xib */ = {isa = PBXFileReference; lastKnownFileType = file.xib; path = FooterCollectionReusableView.xib; sourceTree = "<group>"; };
		1A33E1D52A84F2F40008FC9F /* TVCollectionViewCell.swift */ = {isa = PBXFileReference; lastKnownFileType = sourcecode.swift; path = TVCollectionViewCell.swift; sourceTree = "<group>"; };
		1A33E1D62A84F2F40008FC9F /* TVCollectionViewCell.xib */ = {isa = PBXFileReference; lastKnownFileType = file.xib; path = TVCollectionViewCell.xib; sourceTree = "<group>"; };
		1A497EB42A8A243600D49C78 /* OTPTextField.swift */ = {isa = PBXFileReference; lastKnownFileType = sourcecode.swift; path = OTPTextField.swift; sourceTree = "<group>"; };
		1A5E2F432A8C97AF001A91DA /* TermsAndConditionsLabel.swift */ = {isa = PBXFileReference; lastKnownFileType = sourcecode.swift; path = TermsAndConditionsLabel.swift; sourceTree = "<group>"; };
		1A5E2F452A8CB416001A91DA /* TermsAndConditionsViewController.swift */ = {isa = PBXFileReference; lastKnownFileType = sourcecode.swift; path = TermsAndConditionsViewController.swift; sourceTree = "<group>"; };
		1A5E2F472A8CB495001A91DA /* PrivacyPolicyViewController.swift */ = {isa = PBXFileReference; lastKnownFileType = sourcecode.swift; path = PrivacyPolicyViewController.swift; sourceTree = "<group>"; };
		1A6355862A7F84A8006FF804 /* EmailSignInViewController.swift */ = {isa = PBXFileReference; lastKnownFileType = sourcecode.swift; path = EmailSignInViewController.swift; sourceTree = "<group>"; };
		1A6355882A7F85AF006FF804 /* CreateAccountViewController.swift */ = {isa = PBXFileReference; lastKnownFileType = sourcecode.swift; path = CreateAccountViewController.swift; sourceTree = "<group>"; };
		1A977C662A7A53AD008EE975 /* Extensions.swift */ = {isa = PBXFileReference; lastKnownFileType = sourcecode.swift; path = Extensions.swift; sourceTree = "<group>"; };
		1A977C682A7A6384008EE975 /* OTPViewController.swift */ = {isa = PBXFileReference; lastKnownFileType = sourcecode.swift; path = OTPViewController.swift; sourceTree = "<group>"; };
		1A9EDE6C2A91FBD9000C1D31 /* FooterWithPagerCollectionReusableView.swift */ = {isa = PBXFileReference; lastKnownFileType = sourcecode.swift; path = FooterWithPagerCollectionReusableView.swift; sourceTree = "<group>"; };
		1A9EDE6D2A91FBD9000C1D31 /* FooterWithPagerCollectionReusableView.xib */ = {isa = PBXFileReference; lastKnownFileType = file.xib; path = FooterWithPagerCollectionReusableView.xib; sourceTree = "<group>"; };
/* End PBXFileReference section */

/* Begin PBXFrameworksBuildPhase section */
		1A1DA4A12A6916F5004B27ED /* Frameworks */ = {
			isa = PBXFrameworksBuildPhase;
			buildActionMask = 2147483647;
			files = (
			);
			runOnlyForDeploymentPostprocessing = 0;
		};
/* End PBXFrameworksBuildPhase section */

/* Begin PBXGroup section */
		1A16CD862A8DD518008F8D79 /* Custom Layouts */ = {
			isa = PBXGroup;
			children = (
			);
			name = "Custom Layouts";
			sourceTree = "<group>";
		};
		1A17DA142A80BB5D00128808 /* Models */ = {
			isa = PBXGroup;
			children = (
				1A33E16E2A849EF40008FC9F /* CellDataType.swift */,
				1A33E1702A849F2D0008FC9F /* SupplementaryDataType.swift */,
				1A33E1722A849F470008FC9F /* SectionDataType.swift */,
				1A33E1742A849F610008FC9F /* Sections.swift */,
				1A33E1782A849FD00008FC9F /* Actions.swift */,
			);
			path = Models;
			sourceTree = "<group>";
		};
		1A17DA162A80BB7E00128808 /* Views */ = {
			isa = PBXGroup;
			children = (
				1A33E19A2A84B7BF0008FC9F /* Custom Cells */,
				1A189BA12A821B6800455B98 /* Custom Components */,
				1A16CD862A8DD518008F8D79 /* Custom Layouts */,
			);
			path = Views;
			sourceTree = "<group>";
		};
		1A17DA172A80BB8C00128808 /* Controllers */ = {
			isa = PBXGroup;
			children = (
				1A17DA192A80BC4D00128808 /* Sign Up */,
				1A17DA1A2A80BCF700128808 /* Sign In */,
				1A33E1922A84AE140008FC9F /* GenreViewController.swift */,
				1A33E1882A84A2570008FC9F /* HomeViewController.swift */,
				1A33E18A2A84A2EC0008FC9F /* LiveTvViewController.swift */,
				1A33E18C2A84AC920008FC9F /* OriginalsViewController.swift */,
				1A33E18E2A84AD140008FC9F /* MyListViewController.swift */,
				1A33E1902A84AD780008FC9F /* ProfileViewController.swift */,
				1A33E1942A84AEA50008FC9F /* CategoriesViewController.swift */,
				1A33E1962A84AEFA0008FC9F /* CategoryViewController.swift */,
				1A33E1982A84AF570008FC9F /* SearchViewController.swift */,
			);
			path = Controllers;
			sourceTree = "<group>";
		};
		1A17DA182A80BBA700128808 /* Extensions */ = {
			isa = PBXGroup;
			children = (
				1A977C662A7A53AD008EE975 /* Extensions.swift */,
			);
			name = Extensions;
			sourceTree = "<group>";
		};
		1A17DA192A80BC4D00128808 /* Sign Up */ = {
			isa = PBXGroup;
			children = (
				1A17DA122A80B3CF00128808 /* OTPSignUpViewController.swift */,
				1A977C682A7A6384008EE975 /* OTPViewController.swift */,
				1A33CE7C2A7BB0D400154F7C /* UserInfoViewController.swift */,
				1A6355882A7F85AF006FF804 /* CreateAccountViewController.swift */,
				1A5E2F472A8CB495001A91DA /* PrivacyPolicyViewController.swift */,
				1A5E2F452A8CB416001A91DA /* TermsAndConditionsViewController.swift */,
			);
			name = "Sign Up";
			sourceTree = "<group>";
		};
		1A17DA1A2A80BCF700128808 /* Sign In */ = {
			isa = PBXGroup;
			children = (
				1A6355862A7F84A8006FF804 /* EmailSignInViewController.swift */,
			);
			name = "Sign In";
			sourceTree = "<group>";
		};
		1A189BA12A821B6800455B98 /* Custom Components */ = {
			isa = PBXGroup;
			children = (
				1A5E2F432A8C97AF001A91DA /* TermsAndConditionsLabel.swift */,
				1A321A7B2A82445200799B25 /* ShadowButton.swift */,
				1A321A7F2A825AFF00799B25 /* BasicTextField.swift */,
				1A497EB42A8A243600D49C78 /* OTPTextField.swift */,
				1A321A7D2A82492E00799B25 /* DOBTextField.swift */,
			);
			name = "Custom Components";
			sourceTree = "<group>";
		};
		1A1DA49B2A6916F5004B27ED = {
			isa = PBXGroup;
			children = (
				1A1DA4A62A6916F5004B27ED /* Binge Clone 2.0 */,
				1A1DA4A52A6916F5004B27ED /* Products */,
			);
			sourceTree = "<group>";
		};
		1A1DA4A52A6916F5004B27ED /* Products */ = {
			isa = PBXGroup;
			children = (
				1A1DA4A42A6916F5004B27ED /* Binge Clone 2.0.app */,
			);
			name = Products;
			sourceTree = "<group>";
		};
		1A1DA4A62A6916F5004B27ED /* Binge Clone 2.0 */ = {
			isa = PBXGroup;
			children = (
				1A1DA4A72A6916F5004B27ED /* AppDelegate.swift */,
				1A1DA4A92A6916F5004B27ED /* SceneDelegate.swift */,
				1A33E16D2A849E9D0008FC9F /* Database */,
				1A17DA142A80BB5D00128808 /* Models */,
				1A17DA162A80BB7E00128808 /* Views */,
				1A17DA172A80BB8C00128808 /* Controllers */,
				1A17DA182A80BBA700128808 /* Extensions */,
				1A1DA4AD2A6916F5004B27ED /* Main.storyboard */,
				1A1DA4B02A6916F7004B27ED /* Assets.xcassets */,
				1A1DA4B22A6916F7004B27ED /* LaunchScreen.storyboard */,
				1A1DA4B52A6916F7004B27ED /* Info.plist */,
			);
			path = "Binge Clone 2.0";
			sourceTree = "<group>";
		};
		1A33E16D2A849E9D0008FC9F /* Database */ = {
			isa = PBXGroup;
			children = (
				1A33E17C2A84A0550008FC9F /* HomeSectionsData.swift */,
				1A33E17E2A84A0930008FC9F /* LiveTvSectionsData.swift */,
				1A33E1802A84A0BB0008FC9F /* OriginalsSectionsData.swift */,
				1A33E1822A84A0ED0008FC9F /* MyListSectionsData.swift */,
				1A33E1842A84A1310008FC9F /* ActionsData.swift */,
				1A33E1862A84A14D0008FC9F /* SearchesData.swift */,
			);
			path = Database;
			sourceTree = "<group>";
		};
		1A33E19A2A84B7BF0008FC9F /* Custom Cells */ = {
			isa = PBXGroup;
			children = (
				1A33E1D92A84FD0E0008FC9F /* Header Footer */,
				1A33E1C32A84EA8D0008FC9F /* GenreCollectionViewCell.swift */,
				1A33E1C42A84EA8D0008FC9F /* GenreCollectionViewCell.xib */,
				1A33E1BF2A84E87E0008FC9F /* TitleCollectionViewCell.swift */,
				1A33E1C02A84E87E0008FC9F /* TitleCollectionViewCell.xib */,
				1A33E1BC2A84E69A0008FC9F /* FilterCollectionViewCell.xib */,
				1A33E1BB2A84E69A0008FC9F /* FilterCollectionViewCell.swift */,
				1A33E19B2A84B8060008FC9F /* CarosselCollectionViewCell.swift */,
				1A33E19C2A84B8060008FC9F /* CarosselCollectionViewCell.xib */,
				1A33E1D52A84F2F40008FC9F /* TVCollectionViewCell.swift */,
				1A33E1D62A84F2F40008FC9F /* TVCollectionViewCell.xib */,
				1A33E1A32A84D9860008FC9F /* CategoriesCollectionViewCell.swift */,
				1A33E1A42A84D9860008FC9F /* CategoriesCollectionViewCell.xib */,
				1A33E1AB2A84DCBE0008FC9F /* CategoryCollectionViewCell.swift */,
				1A33E1AC2A84DCBE0008FC9F /* CategoryCollectionViewCell.xib */,
				1A33E1AF2A84DE730008FC9F /* ListCollectionViewCell.swift */,
				1A33E1B02A84DE730008FC9F /* ListCollectionViewCell.xib */,
				1A33E1B32A84E1570008FC9F /* NoResultCollectionViewCell.swift */,
				1A33E1B42A84E1570008FC9F /* NoResultCollectionViewCell.xib */,
			);
			name = "Custom Cells";
			sourceTree = "<group>";
		};
		1A33E1D92A84FD0E0008FC9F /* Header Footer */ = {
			isa = PBXGroup;
			children = (
				1A33E19F2A84D0F90008FC9F /* HeaderCollectionReusableView.swift */,
				1A33E1A02A84D0F90008FC9F /* HeaderCollectionReusableView.xib */,
				1A33E1C72A84EC9C0008FC9F /* FooterCollectionReusableView.swift */,
				1A33E1C82A84EC9C0008FC9F /* FooterCollectionReusableView.xib */,
				1A9EDE6C2A91FBD9000C1D31 /* FooterWithPagerCollectionReusableView.swift */,
				1A9EDE6D2A91FBD9000C1D31 /* FooterWithPagerCollectionReusableView.xib */,
			);
			name = "Header Footer";
			sourceTree = "<group>";
		};
/* End PBXGroup section */

/* Begin PBXNativeTarget section */
		1A1DA4A32A6916F5004B27ED /* Binge Clone 2.0 */ = {
			isa = PBXNativeTarget;
			buildConfigurationList = 1A1DA4B82A6916F7004B27ED /* Build configuration list for PBXNativeTarget "Binge Clone 2.0" */;
			buildPhases = (
				1A1DA4A02A6916F5004B27ED /* Sources */,
				1A1DA4A12A6916F5004B27ED /* Frameworks */,
				1A1DA4A22A6916F5004B27ED /* Resources */,
			);
			buildRules = (
			);
			dependencies = (
			);
			name = "Binge Clone 2.0";
			productName = "Binge Clone 2.0";
			productReference = 1A1DA4A42A6916F5004B27ED /* Binge Clone 2.0.app */;
			productType = "com.apple.product-type.application";
		};
/* End PBXNativeTarget section */

/* Begin PBXProject section */
		1A1DA49C2A6916F5004B27ED /* Project object */ = {
			isa = PBXProject;
			attributes = {
				BuildIndependentTargetsInParallel = 1;
				LastSwiftUpdateCheck = 1420;
				LastUpgradeCheck = 1420;
				TargetAttributes = {
					1A1DA4A32A6916F5004B27ED = {
						CreatedOnToolsVersion = 14.2;
					};
				};
			};
			buildConfigurationList = 1A1DA49F2A6916F5004B27ED /* Build configuration list for PBXProject "Binge Clone 2.0" */;
			compatibilityVersion = "Xcode 14.0";
			developmentRegion = en;
			hasScannedForEncodings = 0;
			knownRegions = (
				en,
				Base,
			);
			mainGroup = 1A1DA49B2A6916F5004B27ED;
			productRefGroup = 1A1DA4A52A6916F5004B27ED /* Products */;
			projectDirPath = "";
			projectRoot = "";
			targets = (
				1A1DA4A32A6916F5004B27ED /* Binge Clone 2.0 */,
			);
		};
/* End PBXProject section */

/* Begin PBXResourcesBuildPhase section */
		1A1DA4A22A6916F5004B27ED /* Resources */ = {
			isa = PBXResourcesBuildPhase;
			buildActionMask = 2147483647;
			files = (
				1A9EDE6F2A91FBD9000C1D31 /* FooterWithPagerCollectionReusableView.xib in Resources */,
				1A1DA4B42A6916F7004B27ED /* LaunchScreen.storyboard in Resources */,
				1A33E1C22A84E87E0008FC9F /* TitleCollectionViewCell.xib in Resources */,
				1A33E1AE2A84DCBE0008FC9F /* CategoryCollectionViewCell.xib in Resources */,
				1A33E1A22A84D0F90008FC9F /* HeaderCollectionReusableView.xib in Resources */,
				1A33E1C62A84EA8D0008FC9F /* GenreCollectionViewCell.xib in Resources */,
				1A33E1A62A84D9860008FC9F /* CategoriesCollectionViewCell.xib in Resources */,
				1A33E1D82A84F2F40008FC9F /* TVCollectionViewCell.xib in Resources */,
				1A33E1CA2A84EC9C0008FC9F /* FooterCollectionReusableView.xib in Resources */,
				1A1DA4B12A6916F7004B27ED /* Assets.xcassets in Resources */,
				1A33E19E2A84B8060008FC9F /* CarosselCollectionViewCell.xib in Resources */,
				1A33E1BE2A84E69A0008FC9F /* FilterCollectionViewCell.xib in Resources */,
				1A33E1B62A84E1570008FC9F /* NoResultCollectionViewCell.xib in Resources */,
				1A33E1B22A84DE730008FC9F /* ListCollectionViewCell.xib in Resources */,
				1A1DA4AF2A6916F5004B27ED /* Main.storyboard in Resources */,
			);
			runOnlyForDeploymentPostprocessing = 0;
		};
/* End PBXResourcesBuildPhase section */

/* Begin PBXSourcesBuildPhase section */
		1A1DA4A02A6916F5004B27ED /* Sources */ = {
			isa = PBXSourcesBuildPhase;
			buildActionMask = 2147483647;
			files = (
				1A33E19D2A84B8060008FC9F /* CarosselCollectionViewCell.swift in Sources */,
				1A33E18F2A84AD140008FC9F /* MyListViewController.swift in Sources */,
				1A33E1B12A84DE730008FC9F /* ListCollectionViewCell.swift in Sources */,
				1A33E1812A84A0BB0008FC9F /* OriginalsSectionsData.swift in Sources */,
				1A33E1832A84A0ED0008FC9F /* MyListSectionsData.swift in Sources */,
				1A33E1AD2A84DCBE0008FC9F /* CategoryCollectionViewCell.swift in Sources */,
				1A6355892A7F85AF006FF804 /* CreateAccountViewController.swift in Sources */,
				1A33E1872A84A14D0008FC9F /* SearchesData.swift in Sources */,
				1A9EDE6E2A91FBD9000C1D31 /* FooterWithPagerCollectionReusableView.swift in Sources */,
				1A33E1B52A84E1570008FC9F /* NoResultCollectionViewCell.swift in Sources */,
				1A33E1752A849F610008FC9F /* Sections.swift in Sources */,
				1A321A7C2A82445200799B25 /* ShadowButton.swift in Sources */,
				1A33CE7D2A7BB0D400154F7C /* UserInfoViewController.swift in Sources */,
				1A321A802A825AFF00799B25 /* BasicTextField.swift in Sources */,
				1A33E1D72A84F2F40008FC9F /* TVCollectionViewCell.swift in Sources */,
				1A977C672A7A53AD008EE975 /* Extensions.swift in Sources */,
				1A33E1992A84AF570008FC9F /* SearchViewController.swift in Sources */,
				1A17DA132A80B3CF00128808 /* OTPSignUpViewController.swift in Sources */,
				1A1DA4A82A6916F5004B27ED /* AppDelegate.swift in Sources */,
				1A33E1C12A84E87E0008FC9F /* TitleCollectionViewCell.swift in Sources */,
				1A33E1892A84A2570008FC9F /* HomeViewController.swift in Sources */,
				1A33E1C52A84EA8D0008FC9F /* GenreCollectionViewCell.swift in Sources */,
				1A33E17F2A84A0930008FC9F /* LiveTvSectionsData.swift in Sources */,
				1A33E1952A84AEA50008FC9F /* CategoriesViewController.swift in Sources */,
				1A5E2F462A8CB416001A91DA /* TermsAndConditionsViewController.swift in Sources */,
				1A33E1792A849FD00008FC9F /* Actions.swift in Sources */,
				1A6355872A7F84A8006FF804 /* EmailSignInViewController.swift in Sources */,
				1A33E1712A849F2D0008FC9F /* SupplementaryDataType.swift in Sources */,
				1A33E1912A84AD780008FC9F /* ProfileViewController.swift in Sources */,
				1A33E18B2A84A2EC0008FC9F /* LiveTvViewController.swift in Sources */,
				1A33E1C92A84EC9C0008FC9F /* FooterCollectionReusableView.swift in Sources */,
				1A33E1732A849F470008FC9F /* SectionDataType.swift in Sources */,
				1A33E1972A84AEFA0008FC9F /* CategoryViewController.swift in Sources */,
				1A33E18D2A84AC920008FC9F /* OriginalsViewController.swift in Sources */,
				1A977C692A7A6384008EE975 /* OTPViewController.swift in Sources */,
				1A33E17D2A84A0550008FC9F /* HomeSectionsData.swift in Sources */,
				1A497EB52A8A243600D49C78 /* OTPTextField.swift in Sources */,
				1A33E16F2A849EF40008FC9F /* CellDataType.swift in Sources */,
				1A33E1A52A84D9860008FC9F /* CategoriesCollectionViewCell.swift in Sources */,
				1A33E1932A84AE140008FC9F /* GenreViewController.swift in Sources */,
				1A33E1A12A84D0F90008FC9F /* HeaderCollectionReusableView.swift in Sources */,
				1A321A7E2A82492E00799B25 /* DOBTextField.swift in Sources */,
				1A5E2F442A8C97AF001A91DA /* TermsAndConditionsLabel.swift in Sources */,
				1A1DA4AA2A6916F5004B27ED /* SceneDelegate.swift in Sources */,
				1A5E2F482A8CB495001A91DA /* PrivacyPolicyViewController.swift in Sources */,
				1A33E1BD2A84E69A0008FC9F /* FilterCollectionViewCell.swift in Sources */,
				1A33E1852A84A1310008FC9F /* ActionsData.swift in Sources */,
			);
			runOnlyForDeploymentPostprocessing = 0;
		};
/* End PBXSourcesBuildPhase section */

/* Begin PBXVariantGroup section */
		1A1DA4AD2A6916F5004B27ED /* Main.storyboard */ = {
			isa = PBXVariantGroup;
			children = (
				1A1DA4AE2A6916F5004B27ED /* Base */,
			);
			name = Main.storyboard;
			sourceTree = "<group>";
		};
		1A1DA4B22A6916F7004B27ED /* LaunchScreen.storyboard */ = {
			isa = PBXVariantGroup;
			children = (
				1A1DA4B32A6916F7004B27ED /* Base */,
			);
			name = LaunchScreen.storyboard;
			sourceTree = "<group>";
		};
/* End PBXVariantGroup section */

/* Begin XCBuildConfiguration section */
		1A1DA4B62A6916F7004B27ED /* Debug */ = {
			isa = XCBuildConfiguration;
			buildSettings = {
				ALWAYS_SEARCH_USER_PATHS = NO;
				CLANG_ANALYZER_NONNULL = YES;
				CLANG_ANALYZER_NUMBER_OBJECT_CONVERSION = YES_AGGRESSIVE;
				CLANG_CXX_LANGUAGE_STANDARD = "gnu++20";
				CLANG_ENABLE_MODULES = YES;
				CLANG_ENABLE_OBJC_ARC = YES;
				CLANG_ENABLE_OBJC_WEAK = YES;
				CLANG_WARN_BLOCK_CAPTURE_AUTORELEASING = YES;
				CLANG_WARN_BOOL_CONVERSION = YES;
				CLANG_WARN_COMMA = YES;
				CLANG_WARN_CONSTANT_CONVERSION = YES;
				CLANG_WARN_DEPRECATED_OBJC_IMPLEMENTATIONS = YES;
				CLANG_WARN_DIRECT_OBJC_ISA_USAGE = YES_ERROR;
				CLANG_WARN_DOCUMENTATION_COMMENTS = YES;
				CLANG_WARN_EMPTY_BODY = YES;
				CLANG_WARN_ENUM_CONVERSION = YES;
				CLANG_WARN_INFINITE_RECURSION = YES;
				CLANG_WARN_INT_CONVERSION = YES;
				CLANG_WARN_NON_LITERAL_NULL_CONVERSION = YES;
				CLANG_WARN_OBJC_IMPLICIT_RETAIN_SELF = YES;
				CLANG_WARN_OBJC_LITERAL_CONVERSION = YES;
				CLANG_WARN_OBJC_ROOT_CLASS = YES_ERROR;
				CLANG_WARN_QUOTED_INCLUDE_IN_FRAMEWORK_HEADER = YES;
				CLANG_WARN_RANGE_LOOP_ANALYSIS = YES;
				CLANG_WARN_STRICT_PROTOTYPES = YES;
				CLANG_WARN_SUSPICIOUS_MOVE = YES;
				CLANG_WARN_UNGUARDED_AVAILABILITY = YES_AGGRESSIVE;
				CLANG_WARN_UNREACHABLE_CODE = YES;
				CLANG_WARN__DUPLICATE_METHOD_MATCH = YES;
				COPY_PHASE_STRIP = NO;
				DEBUG_INFORMATION_FORMAT = dwarf;
				ENABLE_STRICT_OBJC_MSGSEND = YES;
				ENABLE_TESTABILITY = YES;
				GCC_C_LANGUAGE_STANDARD = gnu11;
				GCC_DYNAMIC_NO_PIC = NO;
				GCC_NO_COMMON_BLOCKS = YES;
				GCC_OPTIMIZATION_LEVEL = 0;
				GCC_PREPROCESSOR_DEFINITIONS = (
					"DEBUG=1",
					"$(inherited)",
				);
				GCC_WARN_64_TO_32_BIT_CONVERSION = YES;
				GCC_WARN_ABOUT_RETURN_TYPE = YES_ERROR;
				GCC_WARN_UNDECLARED_SELECTOR = YES;
				GCC_WARN_UNINITIALIZED_AUTOS = YES_AGGRESSIVE;
				GCC_WARN_UNUSED_FUNCTION = YES;
				GCC_WARN_UNUSED_VARIABLE = YES;
				IPHONEOS_DEPLOYMENT_TARGET = 16.2;
				MTL_ENABLE_DEBUG_INFO = INCLUDE_SOURCE;
				MTL_FAST_MATH = YES;
				ONLY_ACTIVE_ARCH = YES;
				SDKROOT = iphoneos;
				SWIFT_ACTIVE_COMPILATION_CONDITIONS = DEBUG;
				SWIFT_OPTIMIZATION_LEVEL = "-Onone";
			};
			name = Debug;
		};
		1A1DA4B72A6916F7004B27ED /* Release */ = {
			isa = XCBuildConfiguration;
			buildSettings = {
				ALWAYS_SEARCH_USER_PATHS = NO;
				CLANG_ANALYZER_NONNULL = YES;
				CLANG_ANALYZER_NUMBER_OBJECT_CONVERSION = YES_AGGRESSIVE;
				CLANG_CXX_LANGUAGE_STANDARD = "gnu++20";
				CLANG_ENABLE_MODULES = YES;
				CLANG_ENABLE_OBJC_ARC = YES;
				CLANG_ENABLE_OBJC_WEAK = YES;
				CLANG_WARN_BLOCK_CAPTURE_AUTORELEASING = YES;
				CLANG_WARN_BOOL_CONVERSION = YES;
				CLANG_WARN_COMMA = YES;
				CLANG_WARN_CONSTANT_CONVERSION = YES;
				CLANG_WARN_DEPRECATED_OBJC_IMPLEMENTATIONS = YES;
				CLANG_WARN_DIRECT_OBJC_ISA_USAGE = YES_ERROR;
				CLANG_WARN_DOCUMENTATION_COMMENTS = YES;
				CLANG_WARN_EMPTY_BODY = YES;
				CLANG_WARN_ENUM_CONVERSION = YES;
				CLANG_WARN_INFINITE_RECURSION = YES;
				CLANG_WARN_INT_CONVERSION = YES;
				CLANG_WARN_NON_LITERAL_NULL_CONVERSION = YES;
				CLANG_WARN_OBJC_IMPLICIT_RETAIN_SELF = YES;
				CLANG_WARN_OBJC_LITERAL_CONVERSION = YES;
				CLANG_WARN_OBJC_ROOT_CLASS = YES_ERROR;
				CLANG_WARN_QUOTED_INCLUDE_IN_FRAMEWORK_HEADER = YES;
				CLANG_WARN_RANGE_LOOP_ANALYSIS = YES;
				CLANG_WARN_STRICT_PROTOTYPES = YES;
				CLANG_WARN_SUSPICIOUS_MOVE = YES;
				CLANG_WARN_UNGUARDED_AVAILABILITY = YES_AGGRESSIVE;
				CLANG_WARN_UNREACHABLE_CODE = YES;
				CLANG_WARN__DUPLICATE_METHOD_MATCH = YES;
				COPY_PHASE_STRIP = NO;
				DEBUG_INFORMATION_FORMAT = "dwarf-with-dsym";
				ENABLE_NS_ASSERTIONS = NO;
				ENABLE_STRICT_OBJC_MSGSEND = YES;
				GCC_C_LANGUAGE_STANDARD = gnu11;
				GCC_NO_COMMON_BLOCKS = YES;
				GCC_WARN_64_TO_32_BIT_CONVERSION = YES;
				GCC_WARN_ABOUT_RETURN_TYPE = YES_ERROR;
				GCC_WARN_UNDECLARED_SELECTOR = YES;
				GCC_WARN_UNINITIALIZED_AUTOS = YES_AGGRESSIVE;
				GCC_WARN_UNUSED_FUNCTION = YES;
				GCC_WARN_UNUSED_VARIABLE = YES;
				IPHONEOS_DEPLOYMENT_TARGET = 16.2;
				MTL_ENABLE_DEBUG_INFO = NO;
				MTL_FAST_MATH = YES;
				SDKROOT = iphoneos;
				SWIFT_COMPILATION_MODE = wholemodule;
				SWIFT_OPTIMIZATION_LEVEL = "-O";
				VALIDATE_PRODUCT = YES;
			};
			name = Release;
		};
		1A1DA4B92A6916F7004B27ED /* Debug */ = {
			isa = XCBuildConfiguration;
			buildSettings = {
				ASSETCATALOG_COMPILER_APPICON_NAME = AppIcon;
				ASSETCATALOG_COMPILER_GLOBAL_ACCENT_COLOR_NAME = AccentColor;
				CODE_SIGN_STYLE = Automatic;
				CURRENT_PROJECT_VERSION = 1;
				DEVELOPMENT_TEAM = 29LU69NC29;
				GENERATE_INFOPLIST_FILE = YES;
				INFOPLIST_FILE = "Binge Clone 2.0/Info.plist";
				INFOPLIST_KEY_UIApplicationSupportsIndirectInputEvents = YES;
				INFOPLIST_KEY_UILaunchStoryboardName = LaunchScreen;
				INFOPLIST_KEY_UIMainStoryboardFile = Main;
				INFOPLIST_KEY_UISupportedInterfaceOrientations = UIInterfaceOrientationPortrait;
				LD_RUNPATH_SEARCH_PATHS = (
					"$(inherited)",
					"@executable_path/Frameworks",
				);
				MARKETING_VERSION = 1.0;
				PRODUCT_BUNDLE_IDENTIFIER = "com.sadi.Binge-Clone-2-0";
				PRODUCT_NAME = "$(TARGET_NAME)";
				SWIFT_EMIT_LOC_STRINGS = YES;
				SWIFT_VERSION = 5.0;
				TARGETED_DEVICE_FAMILY = "1,2";
			};
			name = Debug;
		};
		1A1DA4BA2A6916F7004B27ED /* Release */ = {
			isa = XCBuildConfiguration;
			buildSettings = {
				ASSETCATALOG_COMPILER_APPICON_NAME = AppIcon;
				ASSETCATALOG_COMPILER_GLOBAL_ACCENT_COLOR_NAME = AccentColor;
				CODE_SIGN_STYLE = Automatic;
				CURRENT_PROJECT_VERSION = 1;
				DEVELOPMENT_TEAM = 29LU69NC29;
				GENERATE_INFOPLIST_FILE = YES;
				INFOPLIST_FILE = "Binge Clone 2.0/Info.plist";
				INFOPLIST_KEY_UIApplicationSupportsIndirectInputEvents = YES;
				INFOPLIST_KEY_UILaunchStoryboardName = LaunchScreen;
				INFOPLIST_KEY_UIMainStoryboardFile = Main;
				INFOPLIST_KEY_UISupportedInterfaceOrientations = UIInterfaceOrientationPortrait;
				LD_RUNPATH_SEARCH_PATHS = (
					"$(inherited)",
					"@executable_path/Frameworks",
				);
				MARKETING_VERSION = 1.0;
				PRODUCT_BUNDLE_IDENTIFIER = "com.sadi.Binge-Clone-2-0";
				PRODUCT_NAME = "$(TARGET_NAME)";
				SWIFT_EMIT_LOC_STRINGS = YES;
				SWIFT_VERSION = 5.0;
				TARGETED_DEVICE_FAMILY = "1,2";
			};
			name = Release;
		};
/* End XCBuildConfiguration section */

/* Begin XCConfigurationList section */
		1A1DA49F2A6916F5004B27ED /* Build configuration list for PBXProject "Binge Clone 2.0" */ = {
			isa = XCConfigurationList;
			buildConfigurations = (
				1A1DA4B62A6916F7004B27ED /* Debug */,
				1A1DA4B72A6916F7004B27ED /* Release */,
			);
			defaultConfigurationIsVisible = 0;
			defaultConfigurationName = Release;
		};
		1A1DA4B82A6916F7004B27ED /* Build configuration list for PBXNativeTarget "Binge Clone 2.0" */ = {
			isa = XCConfigurationList;
			buildConfigurations = (
				1A1DA4B92A6916F7004B27ED /* Debug */,
				1A1DA4BA2A6916F7004B27ED /* Release */,
			);
			defaultConfigurationIsVisible = 0;
			defaultConfigurationName = Release;
		};
/* End XCConfigurationList section */
	};
	rootObject = 1A1DA49C2A6916F5004B27ED /* Project object */;
}
